// !$*UTF8*$!
{
	archiveVersion = 1;
	classes = {
	};
	objectVersion = 46;
	objects = {

/* Begin PBXBuildFile section */
		0734815D1C73F30800902180 /* AppDelegate.swift in Sources */ = {isa = PBXBuildFile; fileRef = 0734815C1C73F30800902180 /* AppDelegate.swift */; };
		073481621C73F30800902180 /* Main.storyboard in Resources */ = {isa = PBXBuildFile; fileRef = 073481601C73F30800902180 /* Main.storyboard */; };
		073481641C73F30800902180 /* Assets.xcassets in Resources */ = {isa = PBXBuildFile; fileRef = 073481631C73F30800902180 /* Assets.xcassets */; };
		073481671C73F30800902180 /* LaunchScreen.storyboard in Resources */ = {isa = PBXBuildFile; fileRef = 073481651C73F30800902180 /* LaunchScreen.storyboard */; };
		073541021C751F6A00ECCAAC /* Character.swift in Sources */ = {isa = PBXBuildFile; fileRef = 073541011C751F6A00ECCAAC /* Character.swift */; };
		073541031C751F6A00ECCAAC /* Character.swift in Sources */ = {isa = PBXBuildFile; fileRef = 073541011C751F6A00ECCAAC /* Character.swift */; };
		076D33EA1C76532E00826E88 /* CharacterTests.swift in Sources */ = {isa = PBXBuildFile; fileRef = 076D33E91C76532E00826E88 /* CharacterTests.swift */; };
		076D33EC1C76699100826E88 /* CharactersViewController.swift in Sources */ = {isa = PBXBuildFile; fileRef = 076D33EB1C76699100826E88 /* CharactersViewController.swift */; };
		076D33ED1C76699100826E88 /* CharactersViewController.swift in Sources */ = {isa = PBXBuildFile; fileRef = 076D33EB1C76699100826E88 /* CharactersViewController.swift */; };
		076D33F11C7677A200826E88 /* Localizable.strings in Resources */ = {isa = PBXBuildFile; fileRef = 076D33F31C7677A200826E88 /* Localizable.strings */; };
		076D33F61C7686FE00826E88 /* MarvelStore.swift in Sources */ = {isa = PBXBuildFile; fileRef = 076D33F51C7686FE00826E88 /* MarvelStore.swift */; };
		076D33F71C7686FE00826E88 /* MarvelStore.swift in Sources */ = {isa = PBXBuildFile; fileRef = 076D33F51C7686FE00826E88 /* MarvelStore.swift */; };
		23C24E59B8E96F06EAFE5536 /* Pods_Wallamarvel.framework in Frameworks */ = {isa = PBXBuildFile; fileRef = 9DFCF123DBA78378E2B6D58C /* Pods_Wallamarvel.framework */; };
/* End PBXBuildFile section */

/* Begin PBXContainerItemProxy section */
		0734816E1C73F30800902180 /* PBXContainerItemProxy */ = {
			isa = PBXContainerItemProxy;
			containerPortal = 073481511C73F30800902180 /* Project object */;
			proxyType = 1;
			remoteGlobalIDString = 073481581C73F30800902180;
			remoteInfo = Wallamarvel;
		};
/* End PBXContainerItemProxy section */

/* Begin PBXFileReference section */
		073481591C73F30800902180 /* Wallamarvel.app */ = {isa = PBXFileReference; explicitFileType = wrapper.application; includeInIndex = 0; path = Wallamarvel.app; sourceTree = BUILT_PRODUCTS_DIR; };
		0734815C1C73F30800902180 /* AppDelegate.swift */ = {isa = PBXFileReference; lastKnownFileType = sourcecode.swift; path = AppDelegate.swift; sourceTree = "<group>"; };
		073481611C73F30800902180 /* Base */ = {isa = PBXFileReference; lastKnownFileType = file.storyboard; name = Base; path = Base.lproj/Main.storyboard; sourceTree = "<group>"; };
		073481631C73F30800902180 /* Assets.xcassets */ = {isa = PBXFileReference; lastKnownFileType = folder.assetcatalog; path = Assets.xcassets; sourceTree = "<group>"; };
		073481661C73F30800902180 /* Base */ = {isa = PBXFileReference; lastKnownFileType = file.storyboard; name = Base; path = Base.lproj/LaunchScreen.storyboard; sourceTree = "<group>"; };
		073481681C73F30800902180 /* Info.plist */ = {isa = PBXFileReference; lastKnownFileType = text.plist.xml; path = Info.plist; sourceTree = "<group>"; };
		0734816D1C73F30800902180 /* WallamarvelTests.xctest */ = {isa = PBXFileReference; explicitFileType = wrapper.cfbundle; includeInIndex = 0; path = WallamarvelTests.xctest; sourceTree = BUILT_PRODUCTS_DIR; };
		073481731C73F30800902180 /* Info.plist */ = {isa = PBXFileReference; lastKnownFileType = text.plist.xml; path = Info.plist; sourceTree = "<group>"; };
		073541011C751F6A00ECCAAC /* Character.swift */ = {isa = PBXFileReference; fileEncoding = 4; lastKnownFileType = sourcecode.swift; path = Character.swift; sourceTree = "<group>"; };
		076D33E91C76532E00826E88 /* CharacterTests.swift */ = {isa = PBXFileReference; fileEncoding = 4; lastKnownFileType = sourcecode.swift; path = CharacterTests.swift; sourceTree = "<group>"; };
		076D33EB1C76699100826E88 /* CharactersViewController.swift */ = {isa = PBXFileReference; fileEncoding = 4; lastKnownFileType = sourcecode.swift; path = CharactersViewController.swift; sourceTree = "<group>"; };
		076D33F21C7677A200826E88 /* Base */ = {isa = PBXFileReference; lastKnownFileType = text.plist.strings; name = Base; path = Base.lproj/Localizable.strings; sourceTree = "<group>"; };
		076D33F51C7686FE00826E88 /* MarvelStore.swift */ = {isa = PBXFileReference; fileEncoding = 4; lastKnownFileType = sourcecode.swift; path = MarvelStore.swift; sourceTree = "<group>"; };
		1CBD2EF08B6A9D74E463A27F /* Pods.debug.xcconfig */ = {isa = PBXFileReference; includeInIndex = 1; lastKnownFileType = text.xcconfig; name = Pods.debug.xcconfig; path = "Pods/Target Support Files/Pods/Pods.debug.xcconfig"; sourceTree = "<group>"; };
		2364A8ADB862C79DA1C75372 /* Pods-Wallamarvel.release.xcconfig */ = {isa = PBXFileReference; includeInIndex = 1; lastKnownFileType = text.xcconfig; name = "Pods-Wallamarvel.release.xcconfig"; path = "Pods/Target Support Files/Pods-Wallamarvel/Pods-Wallamarvel.release.xcconfig"; sourceTree = "<group>"; };
		4184EF99FC3B645816061C6C /* Pods-Wallamarvel.debug.xcconfig */ = {isa = PBXFileReference; includeInIndex = 1; lastKnownFileType = text.xcconfig; name = "Pods-Wallamarvel.debug.xcconfig"; path = "Pods/Target Support Files/Pods-Wallamarvel/Pods-Wallamarvel.debug.xcconfig"; sourceTree = "<group>"; };
		9DFCF123DBA78378E2B6D58C /* Pods_Wallamarvel.framework */ = {isa = PBXFileReference; explicitFileType = wrapper.framework; includeInIndex = 0; path = Pods_Wallamarvel.framework; sourceTree = BUILT_PRODUCTS_DIR; };
		EE7AA0674DB26E12ED769148 /* Pods.release.xcconfig */ = {isa = PBXFileReference; includeInIndex = 1; lastKnownFileType = text.xcconfig; name = Pods.release.xcconfig; path = "Pods/Target Support Files/Pods/Pods.release.xcconfig"; sourceTree = "<group>"; };
/* End PBXFileReference section */

/* Begin PBXFrameworksBuildPhase section */
		073481561C73F30800902180 /* Frameworks */ = {
			isa = PBXFrameworksBuildPhase;
			buildActionMask = 2147483647;
			files = (
				23C24E59B8E96F06EAFE5536 /* Pods_Wallamarvel.framework in Frameworks */,
			);
			runOnlyForDeploymentPostprocessing = 0;
		};
		0734816A1C73F30800902180 /* Frameworks */ = {
			isa = PBXFrameworksBuildPhase;
			buildActionMask = 2147483647;
			files = (
			);
			runOnlyForDeploymentPostprocessing = 0;
		};
/* End PBXFrameworksBuildPhase section */

/* Begin PBXGroup section */
		073481501C73F30800902180 = {
			isa = PBXGroup;
			children = (
				0734815B1C73F30800902180 /* Wallamarvel */,
				073481701C73F30800902180 /* WallamarvelTests */,
				0734815A1C73F30800902180 /* Products */,
				A2718A451BE9642FC3F9BFF2 /* Pods */,
				C40312B4201A6CAACE882FAF /* Frameworks */,
			);
			sourceTree = "<group>";
		};
		0734815A1C73F30800902180 /* Products */ = {
			isa = PBXGroup;
			children = (
				073481591C73F30800902180 /* Wallamarvel.app */,
				0734816D1C73F30800902180 /* WallamarvelTests.xctest */,
			);
			name = Products;
			sourceTree = "<group>";
		};
		0734815B1C73F30800902180 /* Wallamarvel */ = {
			isa = PBXGroup;
			children = (
				073481831C73FBCB00902180 /* Models */,
				073481841C73FC2E00902180 /* Views */,
				073481861C73FC6F00902180 /* Controllers */,
				073481871C73FC8B00902180 /* Stores */,
				073481881C73FCB100902180 /* Helpers */,
				073481891C73FDB900902180 /* User Interface */,
				076D33EE1C76730C00826E88 /* Resources */,
				073481631C73F30800902180 /* Assets.xcassets */,
				073481681C73F30800902180 /* Info.plist */,
			);
			path = Wallamarvel;
			sourceTree = "<group>";
		};
		073481701C73F30800902180 /* WallamarvelTests */ = {
			isa = PBXGroup;
			children = (
				076D33E91C76532E00826E88 /* CharacterTests.swift */,
				073481731C73F30800902180 /* Info.plist */,
			);
			path = WallamarvelTests;
			sourceTree = "<group>";
		};
		073481831C73FBCB00902180 /* Models */ = {
			isa = PBXGroup;
			children = (
				073541011C751F6A00ECCAAC /* Character.swift */,
			);
			path = Models;
			sourceTree = "<group>";
		};
		073481841C73FC2E00902180 /* Views */ = {
			isa = PBXGroup;
			children = (
			);
			path = Views;
			sourceTree = "<group>";
		};
		073481861C73FC6F00902180 /* Controllers */ = {
			isa = PBXGroup;
			children = (
				076D33EB1C76699100826E88 /* CharactersViewController.swift */,
			);
			path = Controllers;
			sourceTree = "<group>";
		};
		073481871C73FC8B00902180 /* Stores */ = {
			isa = PBXGroup;
			children = (
				076D33F51C7686FE00826E88 /* MarvelStore.swift */,
			);
			path = Stores;
			sourceTree = "<group>";
		};
		073481881C73FCB100902180 /* Helpers */ = {
			isa = PBXGroup;
			children = (
				0734815C1C73F30800902180 /* AppDelegate.swift */,
			);
			path = Helpers;
			sourceTree = "<group>";
		};
		073481891C73FDB900902180 /* User Interface */ = {
			isa = PBXGroup;
			children = (
				073481601C73F30800902180 /* Main.storyboard */,
				073481651C73F30800902180 /* LaunchScreen.storyboard */,
			);
			name = "User Interface";
			sourceTree = "<group>";
		};
		076D33EE1C76730C00826E88 /* Resources */ = {
			isa = PBXGroup;
			children = (
				076D33F31C7677A200826E88 /* Localizable.strings */,
			);
			path = Resources;
			sourceTree = "<group>";
		};
		A2718A451BE9642FC3F9BFF2 /* Pods */ = {
			isa = PBXGroup;
			children = (
				1CBD2EF08B6A9D74E463A27F /* Pods.debug.xcconfig */,
				EE7AA0674DB26E12ED769148 /* Pods.release.xcconfig */,
				4184EF99FC3B645816061C6C /* Pods-Wallamarvel.debug.xcconfig */,
				2364A8ADB862C79DA1C75372 /* Pods-Wallamarvel.release.xcconfig */,
			);
			name = Pods;
			sourceTree = "<group>";
		};
		C40312B4201A6CAACE882FAF /* Frameworks */ = {
			isa = PBXGroup;
			children = (
				9DFCF123DBA78378E2B6D58C /* Pods_Wallamarvel.framework */,
			);
			name = Frameworks;
			sourceTree = "<group>";
		};
/* End PBXGroup section */

/* Begin PBXNativeTarget section */
		073481581C73F30800902180 /* Wallamarvel */ = {
			isa = PBXNativeTarget;
			buildConfigurationList = 073481761C73F30800902180 /* Build configuration list for PBXNativeTarget "Wallamarvel" */;
			buildPhases = (
				BA37DA02504162ACF5245837 /* Check Pods Manifest.lock */,
				073481551C73F30800902180 /* Sources */,
				073481561C73F30800902180 /* Frameworks */,
				073481571C73F30800902180 /* Resources */,
				A8313FF3A0358A6316B1A933 /* Embed Pods Frameworks */,
				00E9E6B43BE4FAB5A9928EFA /* Copy Pods Resources */,
			);
			buildRules = (
			);
			dependencies = (
			);
			name = Wallamarvel;
			productName = Wallamarvel;
			productReference = 073481591C73F30800902180 /* Wallamarvel.app */;
			productType = "com.apple.product-type.application";
		};
		0734816C1C73F30800902180 /* WallamarvelTests */ = {
			isa = PBXNativeTarget;
			buildConfigurationList = 073481791C73F30800902180 /* Build configuration list for PBXNativeTarget "WallamarvelTests" */;
			buildPhases = (
				073481691C73F30800902180 /* Sources */,
				0734816A1C73F30800902180 /* Frameworks */,
				0734816B1C73F30800902180 /* Resources */,
			);
			buildRules = (
			);
			dependencies = (
				0734816F1C73F30800902180 /* PBXTargetDependency */,
			);
			name = WallamarvelTests;
			productName = WallamarvelTests;
			productReference = 0734816D1C73F30800902180 /* WallamarvelTests.xctest */;
			productType = "com.apple.product-type.bundle.unit-test";
		};
/* End PBXNativeTarget section */

/* Begin PBXProject section */
		073481511C73F30800902180 /* Project object */ = {
			isa = PBXProject;
			attributes = {
				LastSwiftUpdateCheck = 0720;
				LastUpgradeCheck = 0720;
				ORGANIZATIONNAME = "Qualoo Apps";
				TargetAttributes = {
					073481581C73F30800902180 = {
						CreatedOnToolsVersion = 7.2.1;
					};
					0734816C1C73F30800902180 = {
						CreatedOnToolsVersion = 7.2.1;
						TestTargetID = 073481581C73F30800902180;
					};
				};
			};
			buildConfigurationList = 073481541C73F30800902180 /* Build configuration list for PBXProject "Wallamarvel" */;
			compatibilityVersion = "Xcode 3.2";
			developmentRegion = English;
			hasScannedForEncodings = 0;
			knownRegions = (
				en,
				Base,
			);
			mainGroup = 073481501C73F30800902180;
			productRefGroup = 0734815A1C73F30800902180 /* Products */;
			projectDirPath = "";
			projectRoot = "";
			targets = (
				073481581C73F30800902180 /* Wallamarvel */,
				0734816C1C73F30800902180 /* WallamarvelTests */,
			);
		};
/* End PBXProject section */

/* Begin PBXResourcesBuildPhase section */
		073481571C73F30800902180 /* Resources */ = {
			isa = PBXResourcesBuildPhase;
			buildActionMask = 2147483647;
			files = (
				073481671C73F30800902180 /* LaunchScreen.storyboard in Resources */,
				076D33F11C7677A200826E88 /* Localizable.strings in Resources */,
				073481641C73F30800902180 /* Assets.xcassets in Resources */,
				073481621C73F30800902180 /* Main.storyboard in Resources */,
			);
			runOnlyForDeploymentPostprocessing = 0;
		};
		0734816B1C73F30800902180 /* Resources */ = {
			isa = PBXResourcesBuildPhase;
			buildActionMask = 2147483647;
			files = (
			);
			runOnlyForDeploymentPostprocessing = 0;
		};
/* End PBXResourcesBuildPhase section */

/* Begin PBXShellScriptBuildPhase section */
		00E9E6B43BE4FAB5A9928EFA /* Copy Pods Resources */ = {
			isa = PBXShellScriptBuildPhase;
			buildActionMask = 2147483647;
			files = (
			);
			inputPaths = (
			);
			name = "Copy Pods Resources";
			outputPaths = (
			);
			runOnlyForDeploymentPostprocessing = 0;
			shellPath = /bin/sh;
			shellScript = "\"${SRCROOT}/Pods/Target Support Files/Pods-Wallamarvel/Pods-Wallamarvel-resources.sh\"\n";
			showEnvVarsInLog = 0;
		};
		A8313FF3A0358A6316B1A933 /* Embed Pods Frameworks */ = {
			isa = PBXShellScriptBuildPhase;
			buildActionMask = 2147483647;
			files = (
			);
			inputPaths = (
			);
			name = "Embed Pods Frameworks";
			outputPaths = (
			);
			runOnlyForDeploymentPostprocessing = 0;
			shellPath = /bin/sh;
			shellScript = "\"${SRCROOT}/Pods/Target Support Files/Pods-Wallamarvel/Pods-Wallamarvel-frameworks.sh\"\n";
			showEnvVarsInLog = 0;
		};
		BA37DA02504162ACF5245837 /* Check Pods Manifest.lock */ = {
			isa = PBXShellScriptBuildPhase;
			buildActionMask = 2147483647;
			files = (
			);
			inputPaths = (
			);
			name = "Check Pods Manifest.lock";
			outputPaths = (
			);
			runOnlyForDeploymentPostprocessing = 0;
			shellPath = /bin/sh;
			shellScript = "diff \"${PODS_ROOT}/../Podfile.lock\" \"${PODS_ROOT}/Manifest.lock\" > /dev/null\nif [[ $? != 0 ]] ; then\n    cat << EOM\nerror: The sandbox is not in sync with the Podfile.lock. Run 'pod install' or update your CocoaPods installation.\nEOM\n    exit 1\nfi\n";
			showEnvVarsInLog = 0;
		};
/* End PBXShellScriptBuildPhase section */

/* Begin PBXSourcesBuildPhase section */
		073481551C73F30800902180 /* Sources */ = {
			isa = PBXSourcesBuildPhase;
			buildActionMask = 2147483647;
			files = (
				076D33F61C7686FE00826E88 /* MarvelStore.swift in Sources */,
				076D33EC1C76699100826E88 /* CharactersViewController.swift in Sources */,
				073541021C751F6A00ECCAAC /* Character.swift in Sources */,
				0734815D1C73F30800902180 /* AppDelegate.swift in Sources */,
			);
			runOnlyForDeploymentPostprocessing = 0;
		};
		073481691C73F30800902180 /* Sources */ = {
			isa = PBXSourcesBuildPhase;
			buildActionMask = 2147483647;
			files = (
				076D33F71C7686FE00826E88 /* MarvelStore.swift in Sources */,
				076D33EA1C76532E00826E88 /* CharacterTests.swift in Sources */,
				073541031C751F6A00ECCAAC /* Character.swift in Sources */,
				076D33ED1C76699100826E88 /* CharactersViewController.swift in Sources */,
			);
			runOnlyForDeploymentPostprocessing = 0;
		};
/* End PBXSourcesBuildPhase section */

/* Begin PBXTargetDependency section */
		0734816F1C73F30800902180 /* PBXTargetDependency */ = {
			isa = PBXTargetDependency;
			target = 073481581C73F30800902180 /* Wallamarvel */;
			targetProxy = 0734816E1C73F30800902180 /* PBXContainerItemProxy */;
		};
/* End PBXTargetDependency section */

/* Begin PBXVariantGroup section */
		073481601C73F30800902180 /* Main.storyboard */ = {
			isa = PBXVariantGroup;
			children = (
				073481611C73F30800902180 /* Base */,
			);
			name = Main.storyboard;
			sourceTree = "<group>";
		};
		073481651C73F30800902180 /* LaunchScreen.storyboard */ = {
			isa = PBXVariantGroup;
			children = (
				073481661C73F30800902180 /* Base */,
			);
			name = LaunchScreen.storyboard;
			sourceTree = "<group>";
		};
		076D33F31C7677A200826E88 /* Localizable.strings */ = {
			isa = PBXVariantGroup;
			children = (
				076D33F21C7677A200826E88 /* Base */,
			);
			name = Localizable.strings;
			sourceTree = "<group>";
		};
/* End PBXVariantGroup section */

/* Begin XCBuildConfiguration section */
		073481741C73F30800902180 /* Debug */ = {
			isa = XCBuildConfiguration;
			buildSettings = {
				ALWAYS_SEARCH_USER_PATHS = NO;
				CLANG_CXX_LANGUAGE_STANDARD = "gnu++0x";
				CLANG_CXX_LIBRARY = "libc++";
				CLANG_ENABLE_MODULES = YES;
				CLANG_ENABLE_OBJC_ARC = YES;
				CLANG_WARN_BOOL_CONVERSION = YES;
				CLANG_WARN_CONSTANT_CONVERSION = YES;
				CLANG_WARN_DIRECT_OBJC_ISA_USAGE = YES_ERROR;
				CLANG_WARN_EMPTY_BODY = YES;
				CLANG_WARN_ENUM_CONVERSION = YES;
				CLANG_WARN_INT_CONVERSION = YES;
				CLANG_WARN_OBJC_ROOT_CLASS = YES_ERROR;
				CLANG_WARN_UNREACHABLE_CODE = YES;
				CLANG_WARN__DUPLICATE_METHOD_MATCH = YES;
				"CODE_SIGN_IDENTITY[sdk=iphoneos*]" = "iPhone Developer";
				COPY_PHASE_STRIP = NO;
				DEBUG_INFORMATION_FORMAT = dwarf;
				ENABLE_STRICT_OBJC_MSGSEND = YES;
				ENABLE_TESTABILITY = YES;
				GCC_C_LANGUAGE_STANDARD = gnu99;
				GCC_DYNAMIC_NO_PIC = NO;
				GCC_NO_COMMON_BLOCKS = YES;
				GCC_OPTIMIZATION_LEVEL = 0;
				GCC_PREPROCESSOR_DEFINITIONS = (
					"DEBUG=1",
					"$(inherited)",
				);
				GCC_WARN_64_TO_32_BIT_CONVERSION = YES;
				GCC_WARN_ABOUT_RETURN_TYPE = YES_ERROR;
				GCC_WARN_UNDECLARED_SELECTOR = YES;
				GCC_WARN_UNINITIALIZED_AUTOS = YES_AGGRESSIVE;
				GCC_WARN_UNUSED_FUNCTION = YES;
				GCC_WARN_UNUSED_VARIABLE = YES;
				IPHONEOS_DEPLOYMENT_TARGET = 8.0;
				MTL_ENABLE_DEBUG_INFO = YES;
				ONLY_ACTIVE_ARCH = YES;
				SDKROOT = iphoneos;
				SWIFT_OPTIMIZATION_LEVEL = "-Onone";
				TARGETED_DEVICE_FAMILY = "1,2";
			};
			name = Debug;
		};
		073481751C73F30800902180 /* Release */ = {
			isa = XCBuildConfiguration;
			buildSettings = {
				ALWAYS_SEARCH_USER_PATHS = NO;
				CLANG_CXX_LANGUAGE_STANDARD = "gnu++0x";
				CLANG_CXX_LIBRARY = "libc++";
				CLANG_ENABLE_MODULES = YES;
				CLANG_ENABLE_OBJC_ARC = YES;
				CLANG_WARN_BOOL_CONVERSION = YES;
				CLANG_WARN_CONSTANT_CONVERSION = YES;
				CLANG_WARN_DIRECT_OBJC_ISA_USAGE = YES_ERROR;
				CLANG_WARN_EMPTY_BODY = YES;
				CLANG_WARN_ENUM_CONVERSION = YES;
				CLANG_WARN_INT_CONVERSION = YES;
				CLANG_WARN_OBJC_ROOT_CLASS = YES_ERROR;
				CLANG_WARN_UNREACHABLE_CODE = YES;
				CLANG_WARN__DUPLICATE_METHOD_MATCH = YES;
				"CODE_SIGN_IDENTITY[sdk=iphoneos*]" = "iPhone Developer";
				COPY_PHASE_STRIP = NO;
				DEBUG_INFORMATION_FORMAT = "dwarf-with-dsym";
				ENABLE_NS_ASSERTIONS = NO;
				ENABLE_STRICT_OBJC_MSGSEND = YES;
				GCC_C_LANGUAGE_STANDARD = gnu99;
				GCC_NO_COMMON_BLOCKS = YES;
				GCC_WARN_64_TO_32_BIT_CONVERSION = YES;
				GCC_WARN_ABOUT_RETURN_TYPE = YES_ERROR;
				GCC_WARN_UNDECLARED_SELECTOR = YES;
				GCC_WARN_UNINITIALIZED_AUTOS = YES_AGGRESSIVE;
				GCC_WARN_UNUSED_FUNCTION = YES;
				GCC_WARN_UNUSED_VARIABLE = YES;
				IPHONEOS_DEPLOYMENT_TARGET = 8.0;
				MTL_ENABLE_DEBUG_INFO = NO;
				SDKROOT = iphoneos;
				TARGETED_DEVICE_FAMILY = "1,2";
				VALIDATE_PRODUCT = YES;
			};
			name = Release;
		};
		073481771C73F30800902180 /* Debug */ = {
			isa = XCBuildConfiguration;
			baseConfigurationReference = 4184EF99FC3B645816061C6C /* Pods-Wallamarvel.debug.xcconfig */;
			buildSettings = {
				ASSETCATALOG_COMPILER_APPICON_NAME = AppIcon;
				INFOPLIST_FILE = Wallamarvel/Info.plist;
				LD_RUNPATH_SEARCH_PATHS = "$(inherited) @executable_path/Frameworks";
				PRODUCT_BUNDLE_IDENTIFIER = com.qualooapps.Wallamarvel;
				PRODUCT_NAME = "$(TARGET_NAME)";
			};
			name = Debug;
		};
		073481781C73F30800902180 /* Release */ = {
			isa = XCBuildConfiguration;
			baseConfigurationReference = 2364A8ADB862C79DA1C75372 /* Pods-Wallamarvel.release.xcconfig */;
			buildSettings = {
				ASSETCATALOG_COMPILER_APPICON_NAME = AppIcon;
				INFOPLIST_FILE = Wallamarvel/Info.plist;
				LD_RUNPATH_SEARCH_PATHS = "$(inherited) @executable_path/Frameworks";
				PRODUCT_BUNDLE_IDENTIFIER = com.qualooapps.Wallamarvel;
				PRODUCT_NAME = "$(TARGET_NAME)";
			};
			name = Release;
		};
		0734817A1C73F30800902180 /* Debug */ = {
			isa = XCBuildConfiguration;
			buildSettings = {
				BUNDLE_LOADER = "$(TEST_HOST)";
				INFOPLIST_FILE = WallamarvelTests/Info.plist;
				LD_RUNPATH_SEARCH_PATHS = "$(inherited) @executable_path/Frameworks @loader_path/Frameworks";
				PRODUCT_BUNDLE_IDENTIFIER = com.qualooapps.WallamarvelTests;
				PRODUCT_NAME = "$(TARGET_NAME)";
				TEST_HOST = "$(BUILT_PRODUCTS_DIR)/Wallamarvel.app/Wallamarvel";
			};
			name = Debug;
		};
		0734817B1C73F30800902180 /* Release */ = {
			isa = XCBuildConfiguration;
			buildSettings = {
				BUNDLE_LOADER = "$(TEST_HOST)";
				INFOPLIST_FILE = WallamarvelTests/Info.plist;
				LD_RUNPATH_SEARCH_PATHS = "$(inherited) @executable_path/Frameworks @loader_path/Frameworks";
				PRODUCT_BUNDLE_IDENTIFIER = com.qualooapps.WallamarvelTests;
				PRODUCT_NAME = "$(TARGET_NAME)";
				TEST_HOST = "$(BUILT_PRODUCTS_DIR)/Wallamarvel.app/Wallamarvel";
			};
			name = Release;
		};
/* End XCBuildConfiguration section */

/* Begin XCConfigurationList section */
		073481541C73F30800902180 /* Build configuration list for PBXProject "Wallamarvel" */ = {
			isa = XCConfigurationList;
			buildConfigurations = (
				073481741C73F30800902180 /* Debug */,
				073481751C73F30800902180 /* Release */,
			);
			defaultConfigurationIsVisible = 0;
			defaultConfigurationName = Release;
		};
		073481761C73F30800902180 /* Build configuration list for PBXNativeTarget "Wallamarvel" */ = {
			isa = XCConfigurationList;
			buildConfigurations = (
				073481771C73F30800902180 /* Debug */,
				073481781C73F30800902180 /* Release */,
			);
			defaultConfigurationIsVisible = 0;
			defaultConfigurationName = Release;
		};
		073481791C73F30800902180 /* Build configuration list for PBXNativeTarget "WallamarvelTests" */ = {
			isa = XCConfigurationList;
			buildConfigurations = (
				0734817A1C73F30800902180 /* Debug */,
				0734817B1C73F30800902180 /* Release */,
			);
			defaultConfigurationIsVisible = 0;
			defaultConfigurationName = Release;
		};
/* End XCConfigurationList section */
	};
	rootObject = 073481511C73F30800902180 /* Project object */;
}
